
Microsoft Visual Studio Solution File, Format Version 12.00
# Visual Studio Version 17
VisualStudioVersion = 17.9.34607.119
MinimumVisualStudioVersion = 10.0.40219.1
Project("{FAE04EC0-301F-11D3-BF4B-00C04F79EFBC}") = "CursoEntityCore", "CursoEntityCore\CursoEntityCore.csproj", "{13AAA24A-B980-474D-BBDE-54F9209E63E7}"
EndProject
Global
	GlobalSection(SolutionConfigurationPlatforms) = preSolution
		Debug|Any CPU = Debug|Any CPU
		Release|Any CPU = Release|Any CPU
	EndGlobalSection
	GlobalSection(ProjectConfigurationPlatforms) = postSolution
		{13AAA24A-B980-474D-BBDE-54F9209E63E7}.Debug|Any CPU.ActiveCfg = Debug|Any CPU
		{13AAA24A-B980-474D-BBDE-54F9209E63E7}.Debug|Any CPU.Build.0 = Debug|Any CPU
		{13AAA24A-B980-474D-BBDE-54F9209E63E7}.Release|Any CPU.ActiveCfg = Release|Any CPU
		{13AAA24A-B980-474D-BBDE-54F9209E63E7}.Release|Any CPU.Build.0 = Release|Any CPU
	EndGlobalSection
	GlobalSection(SolutionProperties) = preSolution
		HideSolutionNode = FALSE
	EndGlobalSection
	GlobalSection(ExtensibilityGlobals) = postSolution
		SolutionGuid = {4C612060-CD26-431B-A2B2-17BCFBC21D9C}
	EndGlobalSection
EndGlobal
